
Microsoft Visual Studio Solution File, Format Version 12.00
# Visual Studio 2012
Project("{FAE04EC0-301F-11D3-BF4B-00C04F79EFBC}") = "HandlebarsDotNet.Mvc", "HandlebarsDotNet.Mvc\HandlebarsDotNet.Mvc.csproj", "{6F6BFA3E-640E-4507-B4E7-444924DC01B9}"
EndProject
Project("{FAE04EC0-301F-11D3-BF4B-00C04F79EFBC}") = "HandlebarsDotNet.Mvc.Tests", "HandlebarsDotNet.Mvc.Tests\HandlebarsDotNet.Mvc.Tests.csproj", "{73A0F8EC-AE21-4DBE-B163-0C63AAE722EE}"
EndProject
Global
	GlobalSection(SolutionConfigurationPlatforms) = preSolution
		Debug|Any CPU = Debug|Any CPU
		Release|Any CPU = Release|Any CPU
	EndGlobalSection
	GlobalSection(ProjectConfigurationPlatforms) = postSolution
		{6F6BFA3E-640E-4507-B4E7-444924DC01B9}.Debug|Any CPU.ActiveCfg = Debug|Any CPU
		{6F6BFA3E-640E-4507-B4E7-444924DC01B9}.Debug|Any CPU.Build.0 = Debug|Any CPU
		{6F6BFA3E-640E-4507-B4E7-444924DC01B9}.Release|Any CPU.ActiveCfg = Release|Any CPU
		{6F6BFA3E-640E-4507-B4E7-444924DC01B9}.Release|Any CPU.Build.0 = Release|Any CPU
		{73A0F8EC-AE21-4DBE-B163-0C63AAE722EE}.Debug|Any CPU.ActiveCfg = Debug|Any CPU
		{73A0F8EC-AE21-4DBE-B163-0C63AAE722EE}.Debug|Any CPU.Build.0 = Debug|Any CPU
		{73A0F8EC-AE21-4DBE-B163-0C63AAE722EE}.Release|Any CPU.ActiveCfg = Release|Any CPU
		{73A0F8EC-AE21-4DBE-B163-0C63AAE722EE}.Release|Any CPU.Build.0 = Release|Any CPU
	EndGlobalSection
	GlobalSection(SolutionProperties) = preSolution
		HideSolutionNode = FALSE
	EndGlobalSection
EndGlobal
